
Microsoft Visual Studio Solution File, Format Version 12.00
# Visual Studio Version 17
VisualStudioVersion = 17.0.31606.5
MinimumVisualStudioVersion = 10.0.40219.1
Project("{FAE04EC0-301F-11D3-BF4B-00C04F79EFBC}") = "NoteWebAPI", "NoteWebAPI\NoteWebAPI.csproj", "{018BA77E-9D0E-41E9-A543-FF53EF5DE5DF}"
EndProject
Project("{FAE04EC0-301F-11D3-BF4B-00C04F79EFBC}") = "Notes.DB", "Notes.DB\Notes.DB.csproj", "{0DFE5D3E-D5BB-43E3-B29D-019FB852C700}"
EndProject
Project("{FAE04EC0-301F-11D3-BF4B-00C04F79EFBC}") = "Notes.Core", "Notes.Core\Notes.Core.csproj", "{D6DAD5FB-0DE3-4CEA-8C7F-21EF271DC284}"
EndProject
Global
	GlobalSection(SolutionConfigurationPlatforms) = preSolution
		Debug|Any CPU = Debug|Any CPU
		Release|Any CPU = Release|Any CPU
	EndGlobalSection
	GlobalSection(ProjectConfigurationPlatforms) = postSolution
		{018BA77E-9D0E-41E9-A543-FF53EF5DE5DF}.Debug|Any CPU.ActiveCfg = Debug|Any CPU
		{018BA77E-9D0E-41E9-A543-FF53EF5DE5DF}.Debug|Any CPU.Build.0 = Debug|Any CPU
		{018BA77E-9D0E-41E9-A543-FF53EF5DE5DF}.Release|Any CPU.ActiveCfg = Release|Any CPU
		{018BA77E-9D0E-41E9-A543-FF53EF5DE5DF}.Release|Any CPU.Build.0 = Release|Any CPU
		{0DFE5D3E-D5BB-43E3-B29D-019FB852C700}.Debug|Any CPU.ActiveCfg = Debug|Any CPU
		{0DFE5D3E-D5BB-43E3-B29D-019FB852C700}.Debug|Any CPU.Build.0 = Debug|Any CPU
		{0DFE5D3E-D5BB-43E3-B29D-019FB852C700}.Release|Any CPU.ActiveCfg = Release|Any CPU
		{0DFE5D3E-D5BB-43E3-B29D-019FB852C700}.Release|Any CPU.Build.0 = Release|Any CPU
		{D6DAD5FB-0DE3-4CEA-8C7F-21EF271DC284}.Debug|Any CPU.ActiveCfg = Debug|Any CPU
		{D6DAD5FB-0DE3-4CEA-8C7F-21EF271DC284}.Debug|Any CPU.Build.0 = Debug|Any CPU
		{D6DAD5FB-0DE3-4CEA-8C7F-21EF271DC284}.Release|Any CPU.ActiveCfg = Release|Any CPU
		{D6DAD5FB-0DE3-4CEA-8C7F-21EF271DC284}.Release|Any CPU.Build.0 = Release|Any CPU
	EndGlobalSection
	GlobalSection(SolutionProperties) = preSolution
		HideSolutionNode = FALSE
	EndGlobalSection
	GlobalSection(ExtensibilityGlobals) = postSolution
		SolutionGuid = {69B4AA76-CBD2-43B3-914C-85581DE132BF}
	EndGlobalSection
EndGlobal
